{
  "requires": true,
  "lockfileVersion": 1,
  "dependencies": {
    "intl-tel-input": {
      "version": "17.0.0",
      "resolved": "https://registry.npmjs.org/intl-tel-input/-/intl-tel-input-17.0.0.tgz",
      "integrity": "sha512-O79jcYy1nTV+legYrqu4AniOmA8phA4fz0JrUgG43MmvLK47dfvZ33JFS498t3AR0142T2oAYhZBJFlR03SoXA=="
    }
  }
}
